// !$*UTF8*$!
{
	archiveVersion = 1;
	classes = {
	};
	objectVersion = 77;
	objects = {

/* Begin PBXBuildFile section */
		417855CC2E4B6E73004CE50E /* FoodAlias.swift in Sources */ = {isa = PBXBuildFile; fileRef = 417855CB2E4B6E73004CE50E /* FoodAlias.swift */; };
		41E316312E46320900A27990 /* sporhocamApp.swift in Sources */ = {isa = PBXBuildFile; fileRef = 41E316302E46320900A27990 /* sporhocamApp.swift */; };
		41E316332E46320900A27990 /* ContentView.swift in Sources */ = {isa = PBXBuildFile; fileRef = 41E316322E46320900A27990 /* ContentView.swift */; };
		41E3166D2E467D5A00A27990 /* Exercise.swift in Sources */ = {isa = PBXBuildFile; fileRef = 41E3166C2E467BC600A27990 /* Exercise.swift */; };
		41E3166F2E467E3600A27990 /* User.swift in Sources */ = {isa = PBXBuildFile; fileRef = 41E3166E2E467E3000A27990 /* User.swift */; };
		41E316732E467F0F00A27990 /* Workout.swift in Sources */ = {isa = PBXBuildFile; fileRef = 41E316722E467F0A00A27990 /* Workout.swift */; };
		41E316752E467FB000A27990 /* MainTabView.swift in Sources */ = {isa = PBXBuildFile; fileRef = 41E316742E467FAB00A27990 /* MainTabView.swift */; };
		41E316772E46815400A27990 /* OnboardingView.swift in Sources */ = {isa = PBXBuildFile; fileRef = 41E316762E4680A900A27990 /* OnboardingView.swift */; };
		41E316792E468C5F00A27990 /* TrainingView.swift in Sources */ = {isa = PBXBuildFile; fileRef = 41E316782E468C5900A27990 /* TrainingView.swift */; };
		41E3167B2E4690DB00A27990 /* WorkoutDetailView.swift in Sources */ = {isa = PBXBuildFile; fileRef = 41E3167A2E4690D100A27990 /* WorkoutDetailView.swift */; };
		41E3167D2E46960800A27990 /* ExerciseEnums.swift in Sources */ = {isa = PBXBuildFile; fileRef = 41E3167C2E4695FF00A27990 /* ExerciseEnums.swift */; };
		41E316802E46968F00A27990 /* ExerciseSelectionView.swift in Sources */ = {isa = PBXBuildFile; fileRef = 41E3167F2E46968600A27990 /* ExerciseSelectionView.swift */; };
		41E316822E4696C500A27990 /* SetTrackingView.swift in Sources */ = {isa = PBXBuildFile; fileRef = 41E316812E4696C100A27990 /* SetTrackingView.swift */; };
		41E316842E4696EA00A27990 /* RestTimerView.swift in Sources */ = {isa = PBXBuildFile; fileRef = 41E316832E4696E600A27990 /* RestTimerView.swift */; };
		41E316862E46985000A27990 /* ExerciseSet.swift in Sources */ = {isa = PBXBuildFile; fileRef = 41E316852E46984700A27990 /* ExerciseSet.swift */; };
		41E316882E46986600A27990 /* WorkoutPart.swift in Sources */ = {isa = PBXBuildFile; fileRef = 41E316872E46985E00A27990 /* WorkoutPart.swift */; };
		41E3168F2E46C3E400A27990 /* HealthKitService.swift in Sources */ = {isa = PBXBuildFile; fileRef = 41E3168E2E46C3D900A27990 /* HealthKitService.swift */; };
		41E316962E4764D500A27990 /* Food.swift in Sources */ = {isa = PBXBuildFile; fileRef = 41E316952E4764D000A27990 /* Food.swift */; };
		41E316982E47650200A27990 /* NutritionEnums.swift in Sources */ = {isa = PBXBuildFile; fileRef = 41E316972E4764FD00A27990 /* NutritionEnums.swift */; };
		41E3169B2E47660B00A27990 /* NutritionView.swift in Sources */ = {isa = PBXBuildFile; fileRef = 41E3169A2E47660500A27990 /* NutritionView.swift */; };
		41E3169D2E4767FF00A27990 /* NutritionEntry.swift in Sources */ = {isa = PBXBuildFile; fileRef = 41E3169C2E4767FA00A27990 /* NutritionEntry.swift */; };
		41E3169F2E47696D00A27990 /* MealEntryView.swift in Sources */ = {isa = PBXBuildFile; fileRef = 41E3169E2E47695E00A27990 /* MealEntryView.swift */; };
		41E316A12E476E3200A27990 /* DailyNutritionSummary.swift in Sources */ = {isa = PBXBuildFile; fileRef = 41E316A02E476E2800A27990 /* DailyNutritionSummary.swift */; };
		41E316A32E476FE200A27990 /* FoodSelectionView.swift in Sources */ = {isa = PBXBuildFile; fileRef = 41E316A22E476FDC00A27990 /* FoodSelectionView.swift */; };
		41E316A52E47738E00A27990 /* NutritionAnalyticsView.swift in Sources */ = {isa = PBXBuildFile; fileRef = 41E316A42E47732800A27990 /* NutritionAnalyticsView.swift */; };
		41E316A72E47748300A27990 /* FavoritesSection.swift in Sources */ = {isa = PBXBuildFile; fileRef = 41E316A62E47747A00A27990 /* FavoritesSection.swift */; };
		41E316A92E47771B00A27990 /* DailyGoalsCard.swift in Sources */ = {isa = PBXBuildFile; fileRef = 41E316A82E47771500A27990 /* DailyGoalsCard.swift */; };
		41E316AB2E4777CB00A27990 /* CustomFoodEntryView.swift in Sources */ = {isa = PBXBuildFile; fileRef = 41E316AA2E4777C300A27990 /* CustomFoodEntryView.swift */; };
		41E316AE2E479ABD00A27990 /* ProfileView.swift in Sources */ = {isa = PBXBuildFile; fileRef = 41E316AD2E479AB700A27990 /* ProfileView.swift */; };
		41E316B02E479AD800A27990 /* PersonalInfoEditView.swift in Sources */ = {isa = PBXBuildFile; fileRef = 41E316AF2E479AD200A27990 /* PersonalInfoEditView.swift */; };
		41E316B22E479B0000A27990 /* AppPreferencesView.swift in Sources */ = {isa = PBXBuildFile; fileRef = 41E316B12E479AEA00A27990 /* AppPreferencesView.swift */; };
		41E316B42E479B1900A27990 /* AccountManagementView.swift in Sources */ = {isa = PBXBuildFile; fileRef = 41E316B32E479B0C00A27990 /* AccountManagementView.swift */; };
		41E316B62E479D0D00A27990 /* Gender.swift in Sources */ = {isa = PBXBuildFile; fileRef = 41E316B52E479D0700A27990 /* Gender.swift */; };
		41E316BA2E47A00300A27990 /* BodyMeasurementView.swift in Sources */ = {isa = PBXBuildFile; fileRef = 41E316B92E479FF600A27990 /* BodyMeasurementView.swift */; };
		41E316BC2E47A02C00A27990 /* ProgressPhotosView.swift in Sources */ = {isa = PBXBuildFile; fileRef = 41E316BB2E47A02B00A27990 /* ProgressPhotosView.swift */; };
		41E316BE2E47A06600A27990 /* BodyTrackingModels.swift in Sources */ = {isa = PBXBuildFile; fileRef = 41E316BD2E47A05E00A27990 /* BodyTrackingModels.swift */; };
		41E63D102E4803BC006A2117 /* GuideSection.swift in Sources */ = {isa = PBXBuildFile; fileRef = 41E63D0F2E48024C006A2117 /* GuideSection.swift */; };
		41E63D112E4803BF006A2117 /* QuickStatCard.swift in Sources */ = {isa = PBXBuildFile; fileRef = 41E63D0E2E48023F006A2117 /* QuickStatCard.swift */; };
		41E63D142E4804C0006A2117 /* DashboardView.swift in Sources */ = {isa = PBXBuildFile; fileRef = 41E63D132E4804BD006A2117 /* DashboardView.swift */; };
		41E63D162E480A6F006A2117 /* WorkoutService.swift in Sources */ = {isa = PBXBuildFile; fileRef = 41E63D152E480A69006A2117 /* WorkoutService.swift */; };
		41E63D322E482867006A2117 /* UserService.swift in Sources */ = {isa = PBXBuildFile; fileRef = 41E63D312E482863006A2117 /* UserService.swift */; };
		41E63D482E482C17006A2117 /* Date+Extension.swift in Sources */ = {isa = PBXBuildFile; fileRef = 41E63D472E482C10006A2117 /* Date+Extension.swift */; };
		41E63D4A2E482C7B006A2117 /* Double+Extensions.swift in Sources */ = {isa = PBXBuildFile; fileRef = 41E63D492E482C75006A2117 /* Double+Extensions.swift */; };
		41E63D4E2E482D48006A2117 /* Color+Extensions.swift in Sources */ = {isa = PBXBuildFile; fileRef = 41E63D4D2E482D42006A2117 /* Color+Extensions.swift */; };
		41E63D522E483027006A2117 /* ThemeManager.swift in Sources */ = {isa = PBXBuildFile; fileRef = 41E63D512E483021006A2117 /* ThemeManager.swift */; };
		41E63D552E4836AE006A2117 /* Localizable.strings in Resources */ = {isa = PBXBuildFile; fileRef = 41E63D532E4836AE006A2117 /* Localizable.strings */; };
		41E63D5B2E483D0B006A2117 /* WelcomeStepView.swift in Sources */ = {isa = PBXBuildFile; fileRef = 41E63D5A2E483D03006A2117 /* WelcomeStepView.swift */; };
		41E63D5D2E483DAE006A2117 /* PersonalInfoStepView.swift in Sources */ = {isa = PBXBuildFile; fileRef = 41E63D5C2E483DA9006A2117 /* PersonalInfoStepView.swift */; };
		41E63D5F2E483DD8006A2117 /* GoalsStepView.swift in Sources */ = {isa = PBXBuildFile; fileRef = 41E63D5E2E483DD2006A2117 /* GoalsStepView.swift */; };
		41E63D612E483E26006A2117 /* MeasurementsStepView.swift in Sources */ = {isa = PBXBuildFile; fileRef = 41E63D602E483E1F006A2117 /* MeasurementsStepView.swift */; };
		41E63D632E483E6D006A2117 /* SummaryStepView.swift in Sources */ = {isa = PBXBuildFile; fileRef = 41E63D622E483E6D006A2117 /* SummaryStepView.swift */; };
		41E63D652E485914006A2117 /* LanguageManager.swift in Sources */ = {isa = PBXBuildFile; fileRef = 41E63D642E48590E006A2117 /* LanguageManager.swift */; };
		41E63D692E487A0D006A2117 /* LocalizationKeys.swift in Sources */ = {isa = PBXBuildFile; fileRef = 41E63D682E487A06006A2117 /* LocalizationKeys.swift */; };
		41E63DA42E489CE8006A2117 /* OnboardingDesignSystem.swift in Sources */ = {isa = PBXBuildFile; fileRef = 41E63DA32E489CE0006A2117 /* OnboardingDesignSystem.swift */; };
		41E63DA72E48B131006A2117 /* exercises.csv in Resources */ = {isa = PBXBuildFile; fileRef = 41E63DA62E48B131006A2117 /* exercises.csv */; };
		41E63DA92E48B152006A2117 /* DataSeeder.swift in Sources */ = {isa = PBXBuildFile; fileRef = 41E63DA82E48B14D006A2117 /* DataSeeder.swift */; };
		41E63DAD2E48B53B006A2117 /* FoodCategory+UI.swift in Sources */ = {isa = PBXBuildFile; fileRef = 41E63DAC2E48B53A006A2117 /* FoodCategory+UI.swift */; };
		7F1000012E60010000AAAAAA /* OpenFoodFactsService.swift in Sources */ = {isa = PBXBuildFile; fileRef = 7F1000002E60010000AAAAAA /* OpenFoodFactsService.swift */; };
		7F1000032E60010000AAAAAA /* BarcodeCache.swift in Sources */ = {isa = PBXBuildFile; fileRef = 7F1000022E60010000AAAAAA /* BarcodeCache.swift */; };
		7F1000052E60010000AAAAAA /* BarcodeScanView.swift in Sources */ = {isa = PBXBuildFile; fileRef = 7F1000042E60010000AAAAAA /* BarcodeScanView.swift */; };
		7F1000072E60010000AAAAAA /* ToastView.swift in Sources */ = {isa = PBXBuildFile; fileRef = 7F1000062E60010000AAAAAA /* ToastView.swift */; };
		7F1000092E60010000AAAAAA /* BarcodeValidator.swift in Sources */ = {isa = PBXBuildFile; fileRef = 7F1000082E60010000AAAAAA /* BarcodeValidator.swift */; };
		7F10000B2E60010000AAAAAA /* EmptyStateView.swift in Sources */ = {isa = PBXBuildFile; fileRef = 7F10000A2E60010000AAAAAA /* EmptyStateView.swift */; };
		7F10000D2E60010000AAAAAA /* foods.csv in Resources */ = {isa = PBXBuildFile; fileRef = 41E63DAA2E48B1C2006A2117 /* foods.csv */; };
/* End PBXBuildFile section */

/* Begin PBXContainerItemProxy section */
		41E3163F2E46320A00A27990 /* PBXContainerItemProxy */ = {
			isa = PBXContainerItemProxy;
			containerPortal = 41E316252E46320900A27990 /* Project object */;
			proxyType = 1;
			remoteGlobalIDString = 41E3162C2E46320900A27990;
			remoteInfo = sporhocam;
		};
		41E316492E46320A00A27990 /* PBXContainerItemProxy */ = {
			isa = PBXContainerItemProxy;
			containerPortal = 41E316252E46320900A27990 /* Project object */;
			proxyType = 1;
			remoteGlobalIDString = 41E3162C2E46320900A27990;
			remoteInfo = sporhocam;
		};
/* End PBXContainerItemProxy section */

/* Begin PBXFileReference section */
		417855CB2E4B6E73004CE50E /* FoodAlias.swift */ = {isa = PBXFileReference; lastKnownFileType = sourcecode.swift; path = FoodAlias.swift; sourceTree = "<group>"; };
		41E3162D2E46320900A27990 /* sporhocam.app */ = {isa = PBXFileReference; explicitFileType = wrapper.application; includeInIndex = 0; path = sporhocam.app; sourceTree = BUILT_PRODUCTS_DIR; };
		41E316302E46320900A27990 /* sporhocamApp.swift */ = {isa = PBXFileReference; lastKnownFileType = sourcecode.swift; path = sporhocamApp.swift; sourceTree = "<group>"; };
		41E316322E46320900A27990 /* ContentView.swift */ = {isa = PBXFileReference; lastKnownFileType = sourcecode.swift; path = ContentView.swift; sourceTree = "<group>"; };
		41E3163E2E46320A00A27990 /* sporhocamTests.xctest */ = {isa = PBXFileReference; explicitFileType = wrapper.cfbundle; includeInIndex = 0; path = sporhocamTests.xctest; sourceTree = BUILT_PRODUCTS_DIR; };
		41E316482E46320A00A27990 /* sporhocamUITests.xctest */ = {isa = PBXFileReference; explicitFileType = wrapper.cfbundle; includeInIndex = 0; path = sporhocamUITests.xctest; sourceTree = BUILT_PRODUCTS_DIR; };
		41E3166C2E467BC600A27990 /* Exercise.swift */ = {isa = PBXFileReference; lastKnownFileType = sourcecode.swift; path = Exercise.swift; sourceTree = "<group>"; };
		41E3166E2E467E3000A27990 /* User.swift */ = {isa = PBXFileReference; lastKnownFileType = sourcecode.swift; path = User.swift; sourceTree = "<group>"; };
		41E316722E467F0A00A27990 /* Workout.swift */ = {isa = PBXFileReference; lastKnownFileType = sourcecode.swift; path = Workout.swift; sourceTree = "<group>"; };
		41E316742E467FAB00A27990 /* MainTabView.swift */ = {isa = PBXFileReference; lastKnownFileType = sourcecode.swift; path = MainTabView.swift; sourceTree = "<group>"; };
		41E316762E4680A900A27990 /* OnboardingView.swift */ = {isa = PBXFileReference; lastKnownFileType = sourcecode.swift; path = OnboardingView.swift; sourceTree = "<group>"; };
		41E316782E468C5900A27990 /* TrainingView.swift */ = {isa = PBXFileReference; lastKnownFileType = sourcecode.swift; path = TrainingView.swift; sourceTree = "<group>"; };
		41E3167A2E4690D100A27990 /* WorkoutDetailView.swift */ = {isa = PBXFileReference; lastKnownFileType = sourcecode.swift; path = WorkoutDetailView.swift; sourceTree = "<group>"; };
		41E3167C2E4695FF00A27990 /* ExerciseEnums.swift */ = {isa = PBXFileReference; lastKnownFileType = sourcecode.swift; path = ExerciseEnums.swift; sourceTree = "<group>"; };
		41E3167F2E46968600A27990 /* ExerciseSelectionView.swift */ = {isa = PBXFileReference; lastKnownFileType = sourcecode.swift; path = ExerciseSelectionView.swift; sourceTree = "<group>"; };
		41E316812E4696C100A27990 /* SetTrackingView.swift */ = {isa = PBXFileReference; lastKnownFileType = sourcecode.swift; path = SetTrackingView.swift; sourceTree = "<group>"; };
		41E316832E4696E600A27990 /* RestTimerView.swift */ = {isa = PBXFileReference; lastKnownFileType = sourcecode.swift; path = RestTimerView.swift; sourceTree = "<group>"; };
		41E316852E46984700A27990 /* ExerciseSet.swift */ = {isa = PBXFileReference; lastKnownFileType = sourcecode.swift; path = ExerciseSet.swift; sourceTree = "<group>"; };
		41E316872E46985E00A27990 /* WorkoutPart.swift */ = {isa = PBXFileReference; lastKnownFileType = sourcecode.swift; path = WorkoutPart.swift; sourceTree = "<group>"; };
		41E3168E2E46C3D900A27990 /* HealthKitService.swift */ = {isa = PBXFileReference; lastKnownFileType = sourcecode.swift; path = HealthKitService.swift; sourceTree = "<group>"; };
		41E316952E4764D000A27990 /* Food.swift */ = {isa = PBXFileReference; lastKnownFileType = sourcecode.swift; path = Food.swift; sourceTree = "<group>"; };
		41E316972E4764FD00A27990 /* NutritionEnums.swift */ = {isa = PBXFileReference; lastKnownFileType = sourcecode.swift; path = NutritionEnums.swift; sourceTree = "<group>"; };
		41E3169A2E47660500A27990 /* NutritionView.swift */ = {isa = PBXFileReference; lastKnownFileType = sourcecode.swift; path = NutritionView.swift; sourceTree = "<group>"; };
		41E3169C2E4767FA00A27990 /* NutritionEntry.swift */ = {isa = PBXFileReference; lastKnownFileType = sourcecode.swift; path = NutritionEntry.swift; sourceTree = "<group>"; };
		41E3169E2E47695E00A27990 /* MealEntryView.swift */ = {isa = PBXFileReference; lastKnownFileType = sourcecode.swift; path = MealEntryView.swift; sourceTree = "<group>"; };
		41E316A02E476E2800A27990 /* DailyNutritionSummary.swift */ = {isa = PBXFileReference; lastKnownFileType = sourcecode.swift; path = DailyNutritionSummary.swift; sourceTree = "<group>"; };
		41E316A22E476FDC00A27990 /* FoodSelectionView.swift */ = {isa = PBXFileReference; lastKnownFileType = sourcecode.swift; path = FoodSelectionView.swift; sourceTree = "<group>"; };
		41E316A42E47732800A27990 /* NutritionAnalyticsView.swift */ = {isa = PBXFileReference; lastKnownFileType = sourcecode.swift; path = NutritionAnalyticsView.swift; sourceTree = "<group>"; };
		41E316A62E47747A00A27990 /* FavoritesSection.swift */ = {isa = PBXFileReference; lastKnownFileType = sourcecode.swift; path = FavoritesSection.swift; sourceTree = "<group>"; };
		41E316A82E47771500A27990 /* DailyGoalsCard.swift */ = {isa = PBXFileReference; lastKnownFileType = sourcecode.swift; path = DailyGoalsCard.swift; sourceTree = "<group>"; };
		41E316AA2E4777C300A27990 /* CustomFoodEntryView.swift */ = {isa = PBXFileReference; lastKnownFileType = sourcecode.swift; path = CustomFoodEntryView.swift; sourceTree = "<group>"; };
		41E316AD2E479AB700A27990 /* ProfileView.swift */ = {isa = PBXFileReference; lastKnownFileType = sourcecode.swift; path = ProfileView.swift; sourceTree = "<group>"; };
		41E316AF2E479AD200A27990 /* PersonalInfoEditView.swift */ = {isa = PBXFileReference; lastKnownFileType = sourcecode.swift; path = PersonalInfoEditView.swift; sourceTree = "<group>"; };
		41E316B12E479AEA00A27990 /* AppPreferencesView.swift */ = {isa = PBXFileReference; lastKnownFileType = sourcecode.swift; path = AppPreferencesView.swift; sourceTree = "<group>"; };
		41E316B32E479B0C00A27990 /* AccountManagementView.swift */ = {isa = PBXFileReference; lastKnownFileType = sourcecode.swift; path = AccountManagementView.swift; sourceTree = "<group>"; };
		41E316B52E479D0700A27990 /* Gender.swift */ = {isa = PBXFileReference; lastKnownFileType = sourcecode.swift; path = Gender.swift; sourceTree = "<group>"; };
		41E316B92E479FF600A27990 /* BodyMeasurementView.swift */ = {isa = PBXFileReference; lastKnownFileType = sourcecode.swift; path = BodyMeasurementView.swift; sourceTree = "<group>"; };
		41E316BB2E47A02B00A27990 /* ProgressPhotosView.swift */ = {isa = PBXFileReference; lastKnownFileType = sourcecode.swift; path = ProgressPhotosView.swift; sourceTree = "<group>"; };
		41E316BD2E47A05E00A27990 /* BodyTrackingModels.swift */ = {isa = PBXFileReference; lastKnownFileType = sourcecode.swift; path = BodyTrackingModels.swift; sourceTree = "<group>"; };
		41E63D0E2E48023F006A2117 /* QuickStatCard.swift */ = {isa = PBXFileReference; lastKnownFileType = sourcecode.swift; path = QuickStatCard.swift; sourceTree = "<group>"; };
		41E63D0F2E48024C006A2117 /* GuideSection.swift */ = {isa = PBXFileReference; lastKnownFileType = sourcecode.swift; path = GuideSection.swift; sourceTree = "<group>"; };
		41E63D132E4804BD006A2117 /* DashboardView.swift */ = {isa = PBXFileReference; lastKnownFileType = sourcecode.swift; path = DashboardView.swift; sourceTree = "<group>"; };
		41E63D152E480A69006A2117 /* WorkoutService.swift */ = {isa = PBXFileReference; lastKnownFileType = sourcecode.swift; path = WorkoutService.swift; sourceTree = "<group>"; };
		41E63D312E482863006A2117 /* UserService.swift */ = {isa = PBXFileReference; lastKnownFileType = sourcecode.swift; path = UserService.swift; sourceTree = "<group>"; };
		41E63D472E482C10006A2117 /* Date+Extension.swift */ = {isa = PBXFileReference; lastKnownFileType = sourcecode.swift; path = "Date+Extension.swift"; sourceTree = "<group>"; };
		41E63D492E482C75006A2117 /* Double+Extensions.swift */ = {isa = PBXFileReference; lastKnownFileType = sourcecode.swift; path = "Double+Extensions.swift"; sourceTree = "<group>"; };
		41E63D4D2E482D42006A2117 /* Color+Extensions.swift */ = {isa = PBXFileReference; lastKnownFileType = sourcecode.swift; path = "Color+Extensions.swift"; sourceTree = "<group>"; };
		41E63D512E483021006A2117 /* ThemeManager.swift */ = {isa = PBXFileReference; lastKnownFileType = sourcecode.swift; path = ThemeManager.swift; sourceTree = "<group>"; };
		41E63D542E4836AE006A2117 /* en */ = {isa = PBXFileReference; lastKnownFileType = text.plist.strings; name = en; path = en.lproj/Localizable.strings; sourceTree = "<group>"; };
		41E63D562E483752006A2117 /* tr */ = {isa = PBXFileReference; lastKnownFileType = text.plist.strings; name = tr; path = tr.lproj/Localizable.strings; sourceTree = "<group>"; };
		41E63D5A2E483D03006A2117 /* WelcomeStepView.swift */ = {isa = PBXFileReference; lastKnownFileType = sourcecode.swift; path = WelcomeStepView.swift; sourceTree = "<group>"; };
		41E63D5C2E483DA9006A2117 /* PersonalInfoStepView.swift */ = {isa = PBXFileReference; lastKnownFileType = sourcecode.swift; path = PersonalInfoStepView.swift; sourceTree = "<group>"; };
		41E63D5E2E483DD2006A2117 /* GoalsStepView.swift */ = {isa = PBXFileReference; lastKnownFileType = sourcecode.swift; path = GoalsStepView.swift; sourceTree = "<group>"; };
		41E63D602E483E1F006A2117 /* MeasurementsStepView.swift */ = {isa = PBXFileReference; lastKnownFileType = sourcecode.swift; path = MeasurementsStepView.swift; sourceTree = "<group>"; };
		41E63D622E483E6D006A2117 /* SummaryStepView.swift */ = {isa = PBXFileReference; lastKnownFileType = sourcecode.swift; path = SummaryStepView.swift; sourceTree = "<group>"; };
		41E63D642E48590E006A2117 /* LanguageManager.swift */ = {isa = PBXFileReference; lastKnownFileType = sourcecode.swift; path = LanguageManager.swift; sourceTree = "<group>"; };
		41E63D682E487A06006A2117 /* LocalizationKeys.swift */ = {isa = PBXFileReference; lastKnownFileType = sourcecode.swift; path = LocalizationKeys.swift; sourceTree = "<group>"; };
		41E63DA32E489CE0006A2117 /* OnboardingDesignSystem.swift */ = {isa = PBXFileReference; lastKnownFileType = sourcecode.swift; path = OnboardingDesignSystem.swift; sourceTree = "<group>"; };
		41E63DA62E48B131006A2117 /* exercises.csv */ = {isa = PBXFileReference; lastKnownFileType = text; path = exercises.csv; sourceTree = "<group>"; };
		41E63DA82E48B14D006A2117 /* DataSeeder.swift */ = {isa = PBXFileReference; lastKnownFileType = sourcecode.swift; path = DataSeeder.swift; sourceTree = "<group>"; };
		41E63DAA2E48B1C2006A2117 /* foods.csv */ = {isa = PBXFileReference; lastKnownFileType = text; path = foods.csv; sourceTree = "<group>"; };
		41E63DAC2E48B53A006A2117 /* FoodCategory+UI.swift */ = {isa = PBXFileReference; lastKnownFileType = sourcecode.swift; path = "FoodCategory+UI.swift"; sourceTree = "<group>"; };
		41E7D0002E50010100A2AAAA /* Tokens.swift */ = {isa = PBXFileReference; lastKnownFileType = sourcecode.swift; path = Tokens.swift; sourceTree = "<group>"; };
		41E7D0022E50010100A2AAAA /* Theme.swift */ = {isa = PBXFileReference; lastKnownFileType = sourcecode.swift; path = Theme.swift; sourceTree = "<group>"; };
		41E7D0042E50010100A2AAAA /* CardStyle.swift */ = {isa = PBXFileReference; lastKnownFileType = sourcecode.swift; path = CardStyle.swift; sourceTree = "<group>"; };
		41E7D0062E50010100A2AAAA /* DefaultLightTheme.swift */ = {isa = PBXFileReference; lastKnownFileType = sourcecode.swift; path = DefaultLightTheme.swift; sourceTree = "<group>"; };
		41E7D0082E50010100A2AAAA /* DefaultDarkTheme.swift */ = {isa = PBXFileReference; lastKnownFileType = sourcecode.swift; path = DefaultDarkTheme.swift; sourceTree = "<group>"; };
		7F1000002E60010000AAAAAA /* OpenFoodFactsService.swift */ = {isa = PBXFileReference; lastKnownFileType = sourcecode.swift; path = OpenFoodFactsService.swift; sourceTree = "<group>"; };
		7F1000022E60010000AAAAAA /* BarcodeCache.swift */ = {isa = PBXFileReference; lastKnownFileType = sourcecode.swift; path = BarcodeCache.swift; sourceTree = "<group>"; };
		7F1000042E60010000AAAAAA /* BarcodeScanView.swift */ = {isa = PBXFileReference; lastKnownFileType = sourcecode.swift; path = BarcodeScanView.swift; sourceTree = "<group>"; };
		7F1000062E60010000AAAAAA /* ToastView.swift */ = {isa = PBXFileReference; lastKnownFileType = sourcecode.swift; path = ToastView.swift; sourceTree = "<group>"; };
		7F1000082E60010000AAAAAA /* BarcodeValidator.swift */ = {isa = PBXFileReference; lastKnownFileType = sourcecode.swift; path = BarcodeValidator.swift; sourceTree = "<group>"; };
		7F10000A2E60010000AAAAAA /* EmptyStateView.swift */ = {isa = PBXFileReference; lastKnownFileType = sourcecode.swift; path = EmptyStateView.swift; sourceTree = "<group>"; };
/* End PBXFileReference section */

/* Begin PBXFileSystemSynchronizedRootGroup section */
		41E316BF2E47A4AE00A27990 /* Calculators */ = {
			isa = PBXFileSystemSynchronizedRootGroup;
			path = Calculators;
			sourceTree = "<group>";
		};
		41E316CC2E47A93100A27990 /* Analytics */ = {
			isa = PBXFileSystemSynchronizedRootGroup;
			path = Analytics;
			sourceTree = "<group>";
		};
/* End PBXFileSystemSynchronizedRootGroup section */

/* Begin PBXFrameworksBuildPhase section */
		41E3162A2E46320900A27990 /* Frameworks */ = {
			isa = PBXFrameworksBuildPhase;
			buildActionMask = 2147483647;
			files = (
			);
			runOnlyForDeploymentPostprocessing = 0;
		};
		41E3163B2E46320A00A27990 /* Frameworks */ = {
			isa = PBXFrameworksBuildPhase;
			buildActionMask = 2147483647;
			files = (
			);
			runOnlyForDeploymentPostprocessing = 0;
		};
		41E316452E46320A00A27990 /* Frameworks */ = {
			isa = PBXFrameworksBuildPhase;
			buildActionMask = 2147483647;
			files = (
			);
			runOnlyForDeploymentPostprocessing = 0;
		};
/* End PBXFrameworksBuildPhase section */

/* Begin PBXGroup section */
		41E316242E46320900A27990 = {
			isa = PBXGroup;
			children = (
				41E63DA52E48B110006A2117 /* Resources */,
				41E3162E2E46320900A27990 /* Products */,
				41E3165D2E4676B700A27990 /* App */,
				41E3165F2E4676CC00A27990 /* Core */,
				41E316612E4676DA00A27990 /* Features */,
				41E316622E4676E800A27990 /* Shared */,
			);
			sourceTree = "<group>";
		};
		41E3162E2E46320900A27990 /* Products */ = {
			isa = PBXGroup;
			children = (
				41E3162D2E46320900A27990 /* sporhocam.app */,
				41E3163E2E46320A00A27990 /* sporhocamTests.xctest */,
				41E316482E46320A00A27990 /* sporhocamUITests.xctest */,
			);
			name = Products;
			sourceTree = "<group>";
		};
		41E3165D2E4676B700A27990 /* App */ = {
			isa = PBXGroup;
			children = (
				41E316742E467FAB00A27990 /* MainTabView.swift */,
				41E316302E46320900A27990 /* sporhocamApp.swift */,
				41E316322E46320900A27990 /* ContentView.swift */,
				41E63D532E4836AE006A2117 /* Localizable.strings */,
			);
			path = App;
			sourceTree = "<group>";
		};
		41E3165F2E4676CC00A27990 /* Core */ = {
			isa = PBXGroup;
			children = (
				41E316642E46773600A27990 /* Services */,
				41E316632E46772F00A27990 /* Models */,
			);
			path = Core;
			sourceTree = "<group>";
		};
		41E316612E4676DA00A27990 /* Features */ = {
			isa = PBXGroup;
			children = (
				41E316692E46779400A27990 /* Profile */,
				41E316682E46778800A27990 /* Nutrition */,
				41E316672E46775D00A27990 /* Training */,
				41E316662E46775000A27990 /* Dashboard */,
			);
			path = Features;
			sourceTree = "<group>";
		};
		41E316622E4676E800A27990 /* Shared */ = {
			isa = PBXGroup;
			children = (
				41E3166B2E4677A200A27990 /* Utilities */,
				41E3166A2E46779C00A27990 /* Components */,
				41E7D0102E50010100A2AAAA /* DesignSystem */,
			);
			path = Shared;
			sourceTree = "<group>";
		};
		41E316632E46772F00A27990 /* Models */ = {
			isa = PBXGroup;
			children = (
				417855CB2E4B6E73004CE50E /* FoodAlias.swift */,
				41E63DAC2E48B53A006A2117 /* FoodCategory+UI.swift */,
				41E316BD2E47A05E00A27990 /* BodyTrackingModels.swift */,
				41E316B52E479D0700A27990 /* Gender.swift */,
				41E3169C2E4767FA00A27990 /* NutritionEntry.swift */,
				41E316972E4764FD00A27990 /* NutritionEnums.swift */,
				41E316952E4764D000A27990 /* Food.swift */,
				41E316872E46985E00A27990 /* WorkoutPart.swift */,
				41E316852E46984700A27990 /* ExerciseSet.swift */,
				41E3167C2E4695FF00A27990 /* ExerciseEnums.swift */,
				41E316722E467F0A00A27990 /* Workout.swift */,
				41E3166E2E467E3000A27990 /* User.swift */,
				41E3166C2E467BC600A27990 /* Exercise.swift */,
			);
			path = Models;
			sourceTree = "<group>";
		};
		41E316642E46773600A27990 /* Services */ = {
			isa = PBXGroup;
			children = (
				41E63DA82E48B14D006A2117 /* DataSeeder.swift */,
				41E63D642E48590E006A2117 /* LanguageManager.swift */,
				41E63D512E483021006A2117 /* ThemeManager.swift */,
				41E63D312E482863006A2117 /* UserService.swift */,
				41E63D152E480A69006A2117 /* WorkoutService.swift */,
				41E3168E2E46C3D900A27990 /* HealthKitService.swift */,
				7F1000002E60010000AAAAAA /* OpenFoodFactsService.swift */,
				7F1000022E60010000AAAAAA /* BarcodeCache.swift */,
			);
			path = Services;
			sourceTree = "<group>";
		};
		41E316662E46775000A27990 /* Dashboard */ = {
			isa = PBXGroup;
			children = (
				41E63D122E4804AF006A2117 /* Views */,
			);
			path = Dashboard;
			sourceTree = "<group>";
		};
		41E316672E46775D00A27990 /* Training */ = {
			isa = PBXGroup;
			children = (
				41E3167E2E46965200A27990 /* Views */,
			);
			path = Training;
			sourceTree = "<group>";
		};
		41E316682E46778800A27990 /* Nutrition */ = {
			isa = PBXGroup;
			children = (
				41E316992E4765E300A27990 /* View */,
			);
			path = Nutrition;
			sourceTree = "<group>";
		};
		41E316692E46779400A27990 /* Profile */ = {
			isa = PBXGroup;
			children = (
				41E63D592E483CD4006A2117 /* Onboarding */,
				41E316AC2E479A8D00A27990 /* View */,
			);
			path = Profile;
			sourceTree = "<group>";
		};
		41E3166A2E46779C00A27990 /* Components */ = {
			isa = PBXGroup;
			children = (
				41E63D0F2E48024C006A2117 /* GuideSection.swift */,
				41E63D0E2E48023F006A2117 /* QuickStatCard.swift */,
				7F10000A2E60010000AAAAAA /* EmptyStateView.swift */,
				7F1000062E60010000AAAAAA /* ToastView.swift */,
			);
			path = Components;
			sourceTree = "<group>";
		};
		41E3166B2E4677A200A27990 /* Utilities */ = {
			isa = PBXGroup;
			children = (
				41E63D682E487A06006A2117 /* LocalizationKeys.swift */,
				41E63D462E482BEA006A2117 /* Extensions */,
				7F1000082E60010000AAAAAA /* BarcodeValidator.swift */,
			);
			path = Utilities;
			sourceTree = "<group>";
		};
		41E3167E2E46965200A27990 /* Views */ = {
			isa = PBXGroup;
			children = (
				41E316832E4696E600A27990 /* RestTimerView.swift */,
				41E316812E4696C100A27990 /* SetTrackingView.swift */,
				41E3167F2E46968600A27990 /* ExerciseSelectionView.swift */,
				41E316782E468C5900A27990 /* TrainingView.swift */,
				41E3167A2E4690D100A27990 /* WorkoutDetailView.swift */,
			);
			path = Views;
			sourceTree = "<group>";
		};
		41E316992E4765E300A27990 /* View */ = {
			isa = PBXGroup;
			children = (
				41E316AA2E4777C300A27990 /* CustomFoodEntryView.swift */,
				41E316A82E47771500A27990 /* DailyGoalsCard.swift */,
				41E316A62E47747A00A27990 /* FavoritesSection.swift */,
				41E316A42E47732800A27990 /* NutritionAnalyticsView.swift */,
				41E316A22E476FDC00A27990 /* FoodSelectionView.swift */,
				41E316A02E476E2800A27990 /* DailyNutritionSummary.swift */,
				41E3169E2E47695E00A27990 /* MealEntryView.swift */,
				41E3169A2E47660500A27990 /* NutritionView.swift */,
				7F1000042E60010000AAAAAA /* BarcodeScanView.swift */,
			);
			path = View;
			sourceTree = "<group>";
		};
		41E316AC2E479A8D00A27990 /* View */ = {
			isa = PBXGroup;
			children = (
				41E316BB2E47A02B00A27990 /* ProgressPhotosView.swift */,
				41E316B92E479FF600A27990 /* BodyMeasurementView.swift */,
				41E316B32E479B0C00A27990 /* AccountManagementView.swift */,
				41E316B12E479AEA00A27990 /* AppPreferencesView.swift */,
				41E316AF2E479AD200A27990 /* PersonalInfoEditView.swift */,
				41E316AD2E479AB700A27990 /* ProfileView.swift */,
				41E316CC2E47A93100A27990 /* Analytics */,
				41E316BF2E47A4AE00A27990 /* Calculators */,
			);
			path = View;
			sourceTree = "<group>";
		};
		41E63D122E4804AF006A2117 /* Views */ = {
			isa = PBXGroup;
			children = (
				41E63D132E4804BD006A2117 /* DashboardView.swift */,
			);
			path = Views;
			sourceTree = "<group>";
		};
		41E63D462E482BEA006A2117 /* Extensions */ = {
			isa = PBXGroup;
			children = (
				41E63D4D2E482D42006A2117 /* Color+Extensions.swift */,
				41E63D492E482C75006A2117 /* Double+Extensions.swift */,
				41E63D472E482C10006A2117 /* Date+Extension.swift */,
			);
			path = Extensions;
			sourceTree = "<group>";
		};
		41E63D592E483CD4006A2117 /* Onboarding */ = {
			isa = PBXGroup;
			children = (
				41E63D622E483E6D006A2117 /* SummaryStepView.swift */,
				41E63D602E483E1F006A2117 /* MeasurementsStepView.swift */,
				41E63D5E2E483DD2006A2117 /* GoalsStepView.swift */,
				41E63D5C2E483DA9006A2117 /* PersonalInfoStepView.swift */,
				41E316762E4680A900A27990 /* OnboardingView.swift */,
				41E63D5A2E483D03006A2117 /* WelcomeStepView.swift */,
				41E63DA22E489CCB006A2117 /* Components */,
			);
			path = Onboarding;
			sourceTree = "<group>";
		};
		41E63DA22E489CCB006A2117 /* Components */ = {
			isa = PBXGroup;
			children = (
				41E63DA32E489CE0006A2117 /* OnboardingDesignSystem.swift */,
			);
			path = Components;
			sourceTree = "<group>";
		};
		41E63DA52E48B110006A2117 /* Resources */ = {
			isa = PBXGroup;
			children = (
				41E63DAA2E48B1C2006A2117 /* foods.csv */,
				41E63DA62E48B131006A2117 /* exercises.csv */,
			);
			path = Resources;
			sourceTree = "<group>";
		};
		41E7D0102E50010100A2AAAA /* DesignSystem */ = {
			isa = PBXGroup;
			children = (
				41E7D0022E50010100A2AAAA /* Theme.swift */,
				41E7D0002E50010100A2AAAA /* Tokens.swift */,
				41E7D0112E50010100A2AAAA /* Modifiers */,
				41E7D0122E50010100A2AAAA /* Themes */,
			);
			path = DesignSystem;
			sourceTree = "<group>";
		};
		41E7D0112E50010100A2AAAA /* Modifiers */ = {
			isa = PBXGroup;
			children = (
				41E7D0042E50010100A2AAAA /* CardStyle.swift */,
			);
			path = Modifiers;
			sourceTree = "<group>";
		};
		41E7D0122E50010100A2AAAA /* Themes */ = {
			isa = PBXGroup;
			children = (
				41E7D0062E50010100A2AAAA /* DefaultLightTheme.swift */,
				41E7D0082E50010100A2AAAA /* DefaultDarkTheme.swift */,
			);
			path = Themes;
			sourceTree = "<group>";
		};
/* End PBXGroup section */

/* Begin PBXNativeTarget section */
		41E3162C2E46320900A27990 /* sporhocam */ = {
			isa = PBXNativeTarget;
			buildConfigurationList = 41E316512E46320A00A27990 /* Build configuration list for PBXNativeTarget "sporhocam" */;
			buildPhases = (
				41E316292E46320900A27990 /* Sources */,
				41E3162A2E46320900A27990 /* Frameworks */,
				41E3162B2E46320900A27990 /* Resources */,
			);
			buildRules = (
			);
			dependencies = (
			);
			fileSystemSynchronizedGroups = (
				41E316BF2E47A4AE00A27990 /* Calculators */,
				41E316CC2E47A93100A27990 /* Analytics */,
			);
			name = sporhocam;
			packageProductDependencies = (
			);
			productName = sporhocam;
			productReference = 41E3162D2E46320900A27990 /* sporhocam.app */;
			productType = "com.apple.product-type.application";
		};
		41E3163D2E46320A00A27990 /* sporhocamTests */ = {
			isa = PBXNativeTarget;
			buildConfigurationList = 41E316562E46320A00A27990 /* Build configuration list for PBXNativeTarget "sporhocamTests" */;
			buildPhases = (
				41E3163A2E46320A00A27990 /* Sources */,
				41E3163B2E46320A00A27990 /* Frameworks */,
				41E3163C2E46320A00A27990 /* Resources */,
			);
			buildRules = (
			);
			dependencies = (
				41E316402E46320A00A27990 /* PBXTargetDependency */,
			);
			name = sporhocamTests;
			packageProductDependencies = (
			);
			productName = sporhocamTests;
			productReference = 41E3163E2E46320A00A27990 /* sporhocamTests.xctest */;
			productType = "com.apple.product-type.bundle.unit-test";
		};
		41E316472E46320A00A27990 /* sporhocamUITests */ = {
			isa = PBXNativeTarget;
			buildConfigurationList = 41E316592E46320A00A27990 /* Build configuration list for PBXNativeTarget "sporhocamUITests" */;
			buildPhases = (
				41E316442E46320A00A27990 /* Sources */,
				41E316452E46320A00A27990 /* Frameworks */,
				41E316462E46320A00A27990 /* Resources */,
			);
			buildRules = (
			);
			dependencies = (
				41E3164A2E46320A00A27990 /* PBXTargetDependency */,
			);
			name = sporhocamUITests;
			packageProductDependencies = (
			);
			productName = sporhocamUITests;
			productReference = 41E316482E46320A00A27990 /* sporhocamUITests.xctest */;
			productType = "com.apple.product-type.bundle.ui-testing";
		};
/* End PBXNativeTarget section */

/* Begin PBXProject section */
		41E316252E46320900A27990 /* Project object */ = {
			isa = PBXProject;
			attributes = {
				BuildIndependentTargetsInParallel = 1;
				LastSwiftUpdateCheck = 1640;
				LastUpgradeCheck = 1640;
				TargetAttributes = {
					41E3162C2E46320900A27990 = {
						CreatedOnToolsVersion = 16.4;
					};
					41E3163D2E46320A00A27990 = {
						CreatedOnToolsVersion = 16.4;
						TestTargetID = 41E3162C2E46320900A27990;
					};
					41E316472E46320A00A27990 = {
						CreatedOnToolsVersion = 16.4;
						TestTargetID = 41E3162C2E46320900A27990;
					};
				};
			};
			buildConfigurationList = 41E316282E46320900A27990 /* Build configuration list for PBXProject "sporhocam" */;
			developmentRegion = en;
			hasScannedForEncodings = 0;
			knownRegions = (
				en,
				Base,
				tr,
			);
			mainGroup = 41E316242E46320900A27990;
			minimizedProjectReferenceProxies = 1;
			preferredProjectObjectVersion = 77;
			productRefGroup = 41E3162E2E46320900A27990 /* Products */;
			projectDirPath = "";
			projectRoot = "";
			targets = (
				41E3162C2E46320900A27990 /* sporhocam */,
				41E3163D2E46320A00A27990 /* sporhocamTests */,
				41E316472E46320A00A27990 /* sporhocamUITests */,
			);
		};
/* End PBXProject section */

/* Begin PBXResourcesBuildPhase section */
		41E3162B2E46320900A27990 /* Resources */ = {
			isa = PBXResourcesBuildPhase;
			buildActionMask = 2147483647;
			files = (
				41E63DA72E48B131006A2117 /* exercises.csv in Resources */,
				41E63D552E4836AE006A2117 /* Localizable.strings in Resources */,
				7F10000D2E60010000AAAAAA /* foods.csv in Resources */,
			);
			runOnlyForDeploymentPostprocessing = 0;
		};
		41E3163C2E46320A00A27990 /* Resources */ = {
			isa = PBXResourcesBuildPhase;
			buildActionMask = 2147483647;
			files = (
			);
			runOnlyForDeploymentPostprocessing = 0;
		};
		41E316462E46320A00A27990 /* Resources */ = {
			isa = PBXResourcesBuildPhase;
			buildActionMask = 2147483647;
			files = (
			);
			runOnlyForDeploymentPostprocessing = 0;
		};
/* End PBXResourcesBuildPhase section */

/* Begin PBXSourcesBuildPhase section */
		41E316292E46320900A27990 /* Sources */ = {
			isa = PBXSourcesBuildPhase;
			buildActionMask = 2147483647;
			files = (
				7F1000072E60010000AAAAAA /* ToastView.swift in Sources */,
				7F10000B2E60010000AAAAAA /* EmptyStateView.swift in Sources */,
				41E3168F2E46C3E400A27990 /* HealthKitService.swift in Sources */,
				41E316842E4696EA00A27990 /* RestTimerView.swift in Sources */,
				41E63D4A2E482C7B006A2117 /* Double+Extensions.swift in Sources */,
				41E63D5B2E483D0B006A2117 /* WelcomeStepView.swift in Sources */,
				41E63D632E483E6D006A2117 /* SummaryStepView.swift in Sources */,
				41E3166F2E467E3600A27990 /* User.swift in Sources */,
				41E316B22E479B0000A27990 /* AppPreferencesView.swift in Sources */,
				41E3167B2E4690DB00A27990 /* WorkoutDetailView.swift in Sources */,
				41E63D652E485914006A2117 /* LanguageManager.swift in Sources */,
				41E63D482E482C17006A2117 /* Date+Extension.swift in Sources */,
				41E316822E4696C500A27990 /* SetTrackingView.swift in Sources */,
				41E63D112E4803BF006A2117 /* QuickStatCard.swift in Sources */,
				41E316862E46985000A27990 /* ExerciseSet.swift in Sources */,
				41E3167D2E46960800A27990 /* ExerciseEnums.swift in Sources */,
				41E316982E47650200A27990 /* NutritionEnums.swift in Sources */,
				41E316332E46320900A27990 /* ContentView.swift in Sources */,
				41E316802E46968F00A27990 /* ExerciseSelectionView.swift in Sources */,
				41E316312E46320900A27990 /* sporhocamApp.swift in Sources */,
				41E316882E46986600A27990 /* WorkoutPart.swift in Sources */,
				41E63D102E4803BC006A2117 /* GuideSection.swift in Sources */,
				41E63D142E4804C0006A2117 /* DashboardView.swift in Sources */,
				41E316AE2E479ABD00A27990 /* ProfileView.swift in Sources */,
				41E63D5D2E483DAE006A2117 /* PersonalInfoStepView.swift in Sources */,
				41E3169F2E47696D00A27990 /* MealEntryView.swift in Sources */,
				41E316BC2E47A02C00A27990 /* ProgressPhotosView.swift in Sources */,
				41E63D692E487A0D006A2117 /* LocalizationKeys.swift in Sources */,
				41E316B02E479AD800A27990 /* PersonalInfoEditView.swift in Sources */,
				41E63D322E482867006A2117 /* UserService.swift in Sources */,
				41E63DAD2E48B53B006A2117 /* FoodCategory+UI.swift in Sources */,
				41E316962E4764D500A27990 /* Food.swift in Sources */,
				41E63D5F2E483DD8006A2117 /* GoalsStepView.swift in Sources */,
				41E63DA92E48B152006A2117 /* DataSeeder.swift in Sources */,
				41E316AB2E4777CB00A27990 /* CustomFoodEntryView.swift in Sources */,
				41E3169D2E4767FF00A27990 /* NutritionEntry.swift in Sources */,
				417855CC2E4B6E73004CE50E /* FoodAlias.swift in Sources */,
				41E316732E467F0F00A27990 /* Workout.swift in Sources */,
				41E63D162E480A6F006A2117 /* WorkoutService.swift in Sources */,
				41E3169B2E47660B00A27990 /* NutritionView.swift in Sources */,
				41E63D612E483E26006A2117 /* MeasurementsStepView.swift in Sources */,
				41E316B42E479B1900A27990 /* AccountManagementView.swift in Sources */,
				41E316792E468C5F00A27990 /* TrainingView.swift in Sources */,
				41E316752E467FB000A27990 /* MainTabView.swift in Sources */,
				41E63DA42E489CE8006A2117 /* OnboardingDesignSystem.swift in Sources */,
				41E316BA2E47A00300A27990 /* BodyMeasurementView.swift in Sources */,
				41E316A72E47748300A27990 /* FavoritesSection.swift in Sources */,
				41E316BE2E47A06600A27990 /* BodyTrackingModels.swift in Sources */,
				41E316A12E476E3200A27990 /* DailyNutritionSummary.swift in Sources */,
				41E316A32E476FE200A27990 /* FoodSelectionView.swift in Sources */,
				41E316A92E47771B00A27990 /* DailyGoalsCard.swift in Sources */,
				41E316B62E479D0D00A27990 /* Gender.swift in Sources */,
				41E63D522E483027006A2117 /* ThemeManager.swift in Sources */,
				41E63D4E2E482D48006A2117 /* Color+Extensions.swift in Sources */,
				41E3166D2E467D5A00A27990 /* Exercise.swift in Sources */,
				41E316A52E47738E00A27990 /* NutritionAnalyticsView.swift in Sources */,
				7F1000092E60010000AAAAAA /* BarcodeValidator.swift in Sources */,
				7F1000052E60010000AAAAAA /* BarcodeScanView.swift in Sources */,
				7F1000012E60010000AAAAAA /* OpenFoodFactsService.swift in Sources */,
				7F1000032E60010000AAAAAA /* BarcodeCache.swift in Sources */,
				41E316772E46815400A27990 /* OnboardingView.swift in Sources */,
			);
			runOnlyForDeploymentPostprocessing = 0;
		};
		41E3163A2E46320A00A27990 /* Sources */ = {
			isa = PBXSourcesBuildPhase;
			buildActionMask = 2147483647;
			files = (
			);
			runOnlyForDeploymentPostprocessing = 0;
		};
		41E316442E46320A00A27990 /* Sources */ = {
			isa = PBXSourcesBuildPhase;
			buildActionMask = 2147483647;
			files = (
			);
			runOnlyForDeploymentPostprocessing = 0;
		};
/* End PBXSourcesBuildPhase section */

/* Begin PBXTargetDependency section */
		41E316402E46320A00A27990 /* PBXTargetDependency */ = {
			isa = PBXTargetDependency;
			target = 41E3162C2E46320900A27990 /* sporhocam */;
			targetProxy = 41E3163F2E46320A00A27990 /* PBXContainerItemProxy */;
		};
		41E3164A2E46320A00A27990 /* PBXTargetDependency */ = {
			isa = PBXTargetDependency;
			target = 41E3162C2E46320900A27990 /* sporhocam */;
			targetProxy = 41E316492E46320A00A27990 /* PBXContainerItemProxy */;
		};
/* End PBXTargetDependency section */

/* Begin PBXVariantGroup section */
		41E63D532E4836AE006A2117 /* Localizable.strings */ = {
			isa = PBXVariantGroup;
			children = (
				41E63D542E4836AE006A2117 /* en */,
				41E63D562E483752006A2117 /* tr */,
			);
			name = Localizable.strings;
			sourceTree = "<group>";
		};
/* End PBXVariantGroup section */

/* Begin XCBuildConfiguration section */
		41E316522E46320A00A27990 /* Debug */ = {
			isa = XCBuildConfiguration;
			buildSettings = {
				ASSETCATALOG_COMPILER_APPICON_NAME = AppIcon;
				ASSETCATALOG_COMPILER_GLOBAL_ACCENT_COLOR_NAME = AccentColor;
				CODE_SIGN_ENTITLEMENTS = sporhocam/sporhocam.entitlements;
				CODE_SIGN_STYLE = Automatic;
				CURRENT_PROJECT_VERSION = 1;
				DEVELOPMENT_TEAM = 8A645SUCS7;
				ENABLE_PREVIEWS = YES;
				GENERATE_INFOPLIST_FILE = YES;
				INFOPLIST_FILE = sporhocam/Info.plist;
				INFOPLIST_KEY_CFBundleDisplayName = "Spor Hocam";
				INFOPLIST_KEY_LSApplicationCategoryType = "public.app-category.healthcare-fitness";
				INFOPLIST_KEY_UIApplicationSceneManifest_Generation = YES;
				INFOPLIST_KEY_UIApplicationSupportsIndirectInputEvents = YES;
				INFOPLIST_KEY_UILaunchScreen_Generation = YES;
				INFOPLIST_KEY_UISupportedInterfaceOrientations_iPad = "UIInterfaceOrientationPortrait UIInterfaceOrientationPortraitUpsideDown UIInterfaceOrientationLandscapeLeft UIInterfaceOrientationLandscapeRight";
				INFOPLIST_KEY_UISupportedInterfaceOrientations_iPhone = "UIInterfaceOrientationPortrait UIInterfaceOrientationLandscapeLeft UIInterfaceOrientationLandscapeRight";
				IPHONEOS_DEPLOYMENT_TARGET = 17.0;
				LD_RUNPATH_SEARCH_PATHS = (
					"$(inherited)",
					"@executable_path/Frameworks",
				);
				MARKETING_VERSION = 1.0;
				PRODUCT_BUNDLE_IDENTIFIER = burakkho.sporhocam;
				PRODUCT_NAME = "$(TARGET_NAME)";
				SWIFT_EMIT_LOC_STRINGS = YES;
				SWIFT_VERSION = 5.0;
				TARGETED_DEVICE_FAMILY = "1,2";
			};
			name = Debug;
		};
		41E316532E46320A00A27990 /* Release */ = {
			isa = XCBuildConfiguration;
			buildSettings = {
				ASSETCATALOG_COMPILER_APPICON_NAME = AppIcon;
				ASSETCATALOG_COMPILER_GLOBAL_ACCENT_COLOR_NAME = AccentColor;
				CODE_SIGN_ENTITLEMENTS = sporhocam/sporhocam.entitlements;
				CODE_SIGN_STYLE = Automatic;
				CURRENT_PROJECT_VERSION = 1;
				DEVELOPMENT_TEAM = 8A645SUCS7;
				ENABLE_PREVIEWS = YES;
				GENERATE_INFOPLIST_FILE = YES;
				INFOPLIST_FILE = sporhocam/Info.plist;
				INFOPLIST_KEY_CFBundleDisplayName = "Spor Hocam";
				INFOPLIST_KEY_LSApplicationCategoryType = "public.app-category.healthcare-fitness";
				INFOPLIST_KEY_UIApplicationSceneManifest_Generation = YES;
				INFOPLIST_KEY_UIApplicationSupportsIndirectInputEvents = YES;
				INFOPLIST_KEY_UILaunchScreen_Generation = YES;
				INFOPLIST_KEY_UISupportedInterfaceOrientations_iPad = "UIInterfaceOrientationPortrait UIInterfaceOrientationPortraitUpsideDown UIInterfaceOrientationLandscapeLeft UIInterfaceOrientationLandscapeRight";
				INFOPLIST_KEY_UISupportedInterfaceOrientations_iPhone = "UIInterfaceOrientationPortrait UIInterfaceOrientationLandscapeLeft UIInterfaceOrientationLandscapeRight";
				IPHONEOS_DEPLOYMENT_TARGET = 17.0;
				LD_RUNPATH_SEARCH_PATHS = (
					"$(inherited)",
					"@executable_path/Frameworks",
				);
				MARKETING_VERSION = 1.0;
				PRODUCT_BUNDLE_IDENTIFIER = burakkho.sporhocam;
				PRODUCT_NAME = "$(TARGET_NAME)";
				SWIFT_EMIT_LOC_STRINGS = YES;
				SWIFT_VERSION = 5.0;
				TARGETED_DEVICE_FAMILY = "1,2";
			};
			name = Release;
		};
		41E316542E46320A00A27990 /* Debug */ = {
			isa = XCBuildConfiguration;
			buildSettings = {
				ALWAYS_SEARCH_USER_PATHS = NO;
				ASSETCATALOG_COMPILER_GENERATE_SWIFT_ASSET_SYMBOL_EXTENSIONS = YES;
				CLANG_ANALYZER_LOCALIZABILITY_NONLOCALIZED = YES;
				CLANG_ANALYZER_NONNULL = YES;
				CLANG_ANALYZER_NUMBER_OBJECT_CONVERSION = YES_AGGRESSIVE;
				CLANG_CXX_LANGUAGE_STANDARD = "gnu++20";
				CLANG_ENABLE_MODULES = YES;
				CLANG_ENABLE_OBJC_ARC = YES;
				CLANG_ENABLE_OBJC_WEAK = YES;
				CLANG_WARN_BLOCK_CAPTURE_AUTORELEASING = YES;
				CLANG_WARN_BOOL_CONVERSION = YES;
				CLANG_WARN_COMMA = YES;
				CLANG_WARN_CONSTANT_CONVERSION = YES;
				CLANG_WARN_DEPRECATED_OBJC_IMPLEMENTATIONS = YES;
				CLANG_WARN_DIRECT_OBJC_ISA_USAGE = YES_ERROR;
				CLANG_WARN_DOCUMENTATION_COMMENTS = YES;
				CLANG_WARN_EMPTY_BODY = YES;
				CLANG_WARN_ENUM_CONVERSION = YES;
				CLANG_WARN_INFINITE_RECURSION = YES;
				CLANG_WARN_INT_CONVERSION = YES;
				CLANG_WARN_NON_LITERAL_NULL_CONVERSION = YES;
				CLANG_WARN_OBJC_IMPLICIT_RETAIN_SELF = YES;
				CLANG_WARN_OBJC_LITERAL_CONVERSION = YES;
				CLANG_WARN_OBJC_ROOT_CLASS = YES_ERROR;
				CLANG_WARN_QUOTED_INCLUDE_IN_FRAMEWORK_HEADER = YES;
				CLANG_WARN_RANGE_LOOP_ANALYSIS = YES;
				CLANG_WARN_STRICT_PROTOTYPES = YES;
				CLANG_WARN_SUSPICIOUS_MOVE = YES;
				CLANG_WARN_UNGUARDED_AVAILABILITY = YES_AGGRESSIVE;
				CLANG_WARN_UNREACHABLE_CODE = YES;
				CLANG_WARN__DUPLICATE_METHOD_MATCH = YES;
				COPY_PHASE_STRIP = NO;
				DEBUG_INFORMATION_FORMAT = dwarf;
				DEVELOPMENT_TEAM = 8A645SUCS7;
				ENABLE_STRICT_OBJC_MSGSEND = YES;
				ENABLE_TESTABILITY = YES;
				ENABLE_USER_SCRIPT_SANDBOXING = YES;
				GCC_C_LANGUAGE_STANDARD = gnu17;
				GCC_DYNAMIC_NO_PIC = NO;
				GCC_NO_COMMON_BLOCKS = YES;
				GCC_OPTIMIZATION_LEVEL = 0;
				GCC_PREPROCESSOR_DEFINITIONS = (
					"DEBUG=1",
					"$(inherited)",
				);
				GCC_WARN_64_TO_32_BIT_CONVERSION = YES;
				GCC_WARN_ABOUT_RETURN_TYPE = YES_ERROR;
				GCC_WARN_UNDECLARED_SELECTOR = YES;
				GCC_WARN_UNINITIALIZED_AUTOS = YES_AGGRESSIVE;
				GCC_WARN_UNUSED_FUNCTION = YES;
				GCC_WARN_UNUSED_VARIABLE = YES;
				IPHONEOS_DEPLOYMENT_TARGET = 18.5;
				LOCALIZATION_PREFERS_STRING_CATALOGS = YES;
				MTL_ENABLE_DEBUG_INFO = INCLUDE_SOURCE;
				MTL_FAST_MATH = YES;
				ONLY_ACTIVE_ARCH = YES;
				SDKROOT = iphoneos;
				SWIFT_ACTIVE_COMPILATION_CONDITIONS = "DEBUG $(inherited)";
				SWIFT_OPTIMIZATION_LEVEL = "-Onone";
			};
			name = Debug;
		};
		41E316552E46320A00A27990 /* Release */ = {
			isa = XCBuildConfiguration;
			buildSettings = {
				ALWAYS_SEARCH_USER_PATHS = NO;
				ASSETCATALOG_COMPILER_GENERATE_SWIFT_ASSET_SYMBOL_EXTENSIONS = YES;
				CLANG_ANALYZER_LOCALIZABILITY_NONLOCALIZED = YES;
				CLANG_ANALYZER_NONNULL = YES;
				CLANG_ANALYZER_NUMBER_OBJECT_CONVERSION = YES_AGGRESSIVE;
				CLANG_CXX_LANGUAGE_STANDARD = "gnu++20";
				CLANG_ENABLE_MODULES = YES;
				CLANG_ENABLE_OBJC_ARC = YES;
				CLANG_ENABLE_OBJC_WEAK = YES;
				CLANG_WARN_BLOCK_CAPTURE_AUTORELEASING = YES;
				CLANG_WARN_BOOL_CONVERSION = YES;
				CLANG_WARN_COMMA = YES;
				CLANG_WARN_CONSTANT_CONVERSION = YES;
				CLANG_WARN_DEPRECATED_OBJC_IMPLEMENTATIONS = YES;
				CLANG_WARN_DIRECT_OBJC_ISA_USAGE = YES_ERROR;
				CLANG_WARN_DOCUMENTATION_COMMENTS = YES;
				CLANG_WARN_EMPTY_BODY = YES;
				CLANG_WARN_ENUM_CONVERSION = YES;
				CLANG_WARN_INFINITE_RECURSION = YES;
				CLANG_WARN_INT_CONVERSION = YES;
				CLANG_WARN_NON_LITERAL_NULL_CONVERSION = YES;
				CLANG_WARN_OBJC_IMPLICIT_RETAIN_SELF = YES;
				CLANG_WARN_OBJC_LITERAL_CONVERSION = YES;
				CLANG_WARN_OBJC_ROOT_CLASS = YES_ERROR;
				CLANG_WARN_QUOTED_INCLUDE_IN_FRAMEWORK_HEADER = YES;
				CLANG_WARN_RANGE_LOOP_ANALYSIS = YES;
				CLANG_WARN_STRICT_PROTOTYPES = YES;
				CLANG_WARN_SUSPICIOUS_MOVE = YES;
				CLANG_WARN_UNGUARDED_AVAILABILITY = YES_AGGRESSIVE;
				CLANG_WARN_UNREACHABLE_CODE = YES;
				CLANG_WARN__DUPLICATE_METHOD_MATCH = YES;
				COPY_PHASE_STRIP = NO;
				DEBUG_INFORMATION_FORMAT = "dwarf-with-dsym";
				DEVELOPMENT_TEAM = 8A645SUCS7;
				ENABLE_NS_ASSERTIONS = NO;
				ENABLE_STRICT_OBJC_MSGSEND = YES;
				ENABLE_USER_SCRIPT_SANDBOXING = YES;
				GCC_C_LANGUAGE_STANDARD = gnu17;
				GCC_NO_COMMON_BLOCKS = YES;
				GCC_WARN_64_TO_32_BIT_CONVERSION = YES;
				GCC_WARN_ABOUT_RETURN_TYPE = YES_ERROR;
				GCC_WARN_UNDECLARED_SELECTOR = YES;
				GCC_WARN_UNINITIALIZED_AUTOS = YES_AGGRESSIVE;
				GCC_WARN_UNUSED_FUNCTION = YES;
				GCC_WARN_UNUSED_VARIABLE = YES;
				IPHONEOS_DEPLOYMENT_TARGET = 18.5;
				LOCALIZATION_PREFERS_STRING_CATALOGS = YES;
				MTL_ENABLE_DEBUG_INFO = NO;
				MTL_FAST_MATH = YES;
				SDKROOT = iphoneos;
				SWIFT_COMPILATION_MODE = wholemodule;
				VALIDATE_PRODUCT = YES;
			};
			name = Release;
		};
		41E316572E46320A00A27990 /* Debug */ = {
			isa = XCBuildConfiguration;
			buildSettings = {
				BUNDLE_LOADER = "$(TEST_HOST)";
				CODE_SIGN_STYLE = Automatic;
				CURRENT_PROJECT_VERSION = 1;
				DEVELOPMENT_TEAM = 8A645SUCS7;
				GENERATE_INFOPLIST_FILE = YES;
				IPHONEOS_DEPLOYMENT_TARGET = 18.5;
				MARKETING_VERSION = 1.0;
				PRODUCT_BUNDLE_IDENTIFIER = burakkho.sporhocamTests;
				PRODUCT_NAME = "$(TARGET_NAME)";
				SWIFT_EMIT_LOC_STRINGS = NO;
				SWIFT_VERSION = 5.0;
				TARGETED_DEVICE_FAMILY = "1,2";
				TEST_HOST = "$(BUILT_PRODUCTS_DIR)/sporhocam.app/$(BUNDLE_EXECUTABLE_FOLDER_PATH)/sporhocam";
			};
			name = Debug;
		};
		41E316582E46320A00A27990 /* Release */ = {
			isa = XCBuildConfiguration;
			buildSettings = {
				BUNDLE_LOADER = "$(TEST_HOST)";
				CODE_SIGN_STYLE = Automatic;
				CURRENT_PROJECT_VERSION = 1;
				DEVELOPMENT_TEAM = 8A645SUCS7;
				GENERATE_INFOPLIST_FILE = YES;
				IPHONEOS_DEPLOYMENT_TARGET = 18.5;
				MARKETING_VERSION = 1.0;
				PRODUCT_BUNDLE_IDENTIFIER = burakkho.sporhocamTests;
				PRODUCT_NAME = "$(TARGET_NAME)";
				SWIFT_EMIT_LOC_STRINGS = NO;
				SWIFT_VERSION = 5.0;
				TARGETED_DEVICE_FAMILY = "1,2";
				TEST_HOST = "$(BUILT_PRODUCTS_DIR)/sporhocam.app/$(BUNDLE_EXECUTABLE_FOLDER_PATH)/sporhocam";
			};
			name = Release;
		};
		41E3165A2E46320A00A27990 /* Debug */ = {
			isa = XCBuildConfiguration;
			buildSettings = {
				CODE_SIGN_STYLE = Automatic;
				CURRENT_PROJECT_VERSION = 1;
				DEVELOPMENT_TEAM = 8A645SUCS7;
				GENERATE_INFOPLIST_FILE = YES;
				MARKETING_VERSION = 1.0;
				PRODUCT_BUNDLE_IDENTIFIER = burakkho.sporhocamUITests;
				PRODUCT_NAME = "$(TARGET_NAME)";
				SWIFT_EMIT_LOC_STRINGS = NO;
				SWIFT_VERSION = 5.0;
				TARGETED_DEVICE_FAMILY = "1,2";
				TEST_TARGET_NAME = sporhocam;
			};
			name = Debug;
		};
		41E3165B2E46320A00A27990 /* Release */ = {
			isa = XCBuildConfiguration;
			buildSettings = {
				CODE_SIGN_STYLE = Automatic;
				CURRENT_PROJECT_VERSION = 1;
				DEVELOPMENT_TEAM = 8A645SUCS7;
				GENERATE_INFOPLIST_FILE = YES;
				MARKETING_VERSION = 1.0;
				PRODUCT_BUNDLE_IDENTIFIER = burakkho.sporhocamUITests;
				PRODUCT_NAME = "$(TARGET_NAME)";
				SWIFT_EMIT_LOC_STRINGS = NO;
				SWIFT_VERSION = 5.0;
				TARGETED_DEVICE_FAMILY = "1,2";
				TEST_TARGET_NAME = sporhocam;
			};
			name = Release;
		};
/* End XCBuildConfiguration section */

/* Begin XCConfigurationList section */
		41E316282E46320900A27990 /* Build configuration list for PBXProject "sporhocam" */ = {
			isa = XCConfigurationList;
			buildConfigurations = (
				41E316542E46320A00A27990 /* Debug */,
				41E316552E46320A00A27990 /* Release */,
			);
			defaultConfigurationIsVisible = 0;
			defaultConfigurationName = Release;
		};
		41E316512E46320A00A27990 /* Build configuration list for PBXNativeTarget "sporhocam" */ = {
			isa = XCConfigurationList;
			buildConfigurations = (
				41E316522E46320A00A27990 /* Debug */,
				41E316532E46320A00A27990 /* Release */,
			);
			defaultConfigurationIsVisible = 0;
			defaultConfigurationName = Release;
		};
		41E316562E46320A00A27990 /* Build configuration list for PBXNativeTarget "sporhocamTests" */ = {
			isa = XCConfigurationList;
			buildConfigurations = (
				41E316572E46320A00A27990 /* Debug */,
				41E316582E46320A00A27990 /* Release */,
			);
			defaultConfigurationIsVisible = 0;
			defaultConfigurationName = Release;
		};
		41E316592E46320A00A27990 /* Build configuration list for PBXNativeTarget "sporhocamUITests" */ = {
			isa = XCConfigurationList;
			buildConfigurations = (
				41E3165A2E46320A00A27990 /* Debug */,
				41E3165B2E46320A00A27990 /* Release */,
			);
			defaultConfigurationIsVisible = 0;
			defaultConfigurationName = Release;
		};
/* End XCConfigurationList section */
	};
	rootObject = 41E316252E46320900A27990 /* Project object */;
}
